# @generated - this file is auto-generated by `mise lock` https://mise.jdx.dev/dev-tools/mise-lock.html

[[tools.bun]]
version = "1.3.14"
backend = "core:bun"

[tools.bun."platforms.linux-arm64"]
checksum = "sha256:a27ffb63a8310375836e0d6f668ae17fa8d8d18b88c37c821c65331973a19a3b"
url = "https://github.com/oven-sh/bun/releases/download/bun-v1.3.14/bun-linux-aarch64.zip"

[tools.bun."platforms.linux-arm64-musl"]
checksum = "sha256:b98e0ad3625c5c00d1d5b5ff55605c7adddbfae151861e68ade57b2d3b8703bb"
url = "https://github.com/oven-sh/bun/releases/download/bun-v1.3.14/bun-linux-aarch64-musl.zip"

[tools.bun."platforms.linux-x64"]
checksum = "sha256:951ee2aee855f08595aeec6225226a298d3fea83a3dcd6465c09cbccdf7e848f"
url = "https://github.com/oven-sh/bun/releases/download/bun-v1.3.14/bun-linux-x64.zip"

[tools.bun."platforms.linux-x64-baseline"]
checksum = "sha256:a063908ae08b7852ca10939bbdc6ceed3ddabce8fb9402dce83d65d73b36e6c7"
url = "https://github.com/oven-sh/bun/releases/download/bun-v1.3.14/bun-linux-x64-baseline.zip"

[tools.bun."platforms.linux-x64-musl"]
checksum = "sha256:14bd9aedeebf1dba67e8def9531c89bc989ecfdf1de42e5bfcaf1b8cd9294719"
url = "https://github.com/oven-sh/bun/releases/download/bun-v1.3.14/bun-linux-x64-musl.zip"

[tools.bun."platforms.linux-x64-musl-baseline"]
checksum = "sha256:56a7d6806cf155536c0178f0ea5fbd098e684fa509ebdb4fc0a7e19fb65382dc"
url = "https://github.com/oven-sh/bun/releases/download/bun-v1.3.14/bun-linux-x64-musl-baseline.zip"

[tools.bun."platforms.macos-arm64"]
checksum = "sha256:d8b96221828ad6f97ac7ac0ab7e95872341af763001e8803e8267652c2652620"
url = "https://github.com/oven-sh/bun/releases/download/bun-v1.3.14/bun-darwin-aarch64.zip"

[tools.bun."platforms.macos-x64"]
checksum = "sha256:4183df3374623e5bab315c547cfa0974533cd457d86b73b639f7a87974cd6633"
url = "https://github.com/oven-sh/bun/releases/download/bun-v1.3.14/bun-darwin-x64.zip"

[tools.bun."platforms.macos-x64-baseline"]
checksum = "sha256:3e35ad6f53971a9834bf9e6786e2adf72b5f1921cc9a9c5fde073d2972944076"
url = "https://github.com/oven-sh/bun/releases/download/bun-v1.3.14/bun-darwin-x64-baseline.zip"

[tools.bun."platforms.windows-x64"]
checksum = "sha256:0a0620930b6675d7ba440e81f4e0e00d3cfbe096c4b140d3fff02205e9e18922"
url = "https://github.com/oven-sh/bun/releases/download/bun-v1.3.14/bun-windows-x64.zip"

[tools.bun."platforms.windows-x64-baseline"]
checksum = "sha256:538f9c846355d9e847b2671bc00c47da4229a0befb24df3282b739770f3b475f"
url = "https://github.com/oven-sh/bun/releases/download/bun-v1.3.14/bun-windows-x64-baseline.zip"

[[tools."cargo:dotagents"]]
version = "0.1.3"
backend = "cargo:dotagents"

[[tools.neonctl]]
version = "2.27.0"
backend = "aqua:neondatabase/neonctl"

[tools.neonctl."platforms.linux-arm64"]
checksum = "sha256:c6646458ed96e86152688d40ca6c8f97ea0442ea7b1a249c8e227b5c4af4522e"
url = "https://github.com/neondatabase/neonctl/releases/download/v2.27.0/neonctl-linux-arm64"

[tools.neonctl."platforms.linux-arm64-musl"]
checksum = "sha256:c6646458ed96e86152688d40ca6c8f97ea0442ea7b1a249c8e227b5c4af4522e"
url = "https://github.com/neondatabase/neonctl/releases/download/v2.27.0/neonctl-linux-arm64"

[tools.neonctl."platforms.linux-x64"]
checksum = "sha256:e6cd7fb2956cdb48c1a134b9820265dd87689ffca5cd7af52426d00e0376d5bf"
url = "https://github.com/neondatabase/neonctl/releases/download/v2.27.0/neonctl-linux-x64"

[tools.neonctl."platforms.linux-x64-baseline"]
checksum = "sha256:e6cd7fb2956cdb48c1a134b9820265dd87689ffca5cd7af52426d00e0376d5bf"
url = "https://github.com/neondatabase/neonctl/releases/download/v2.27.0/neonctl-linux-x64"

[tools.neonctl."platforms.linux-x64-musl"]
checksum = "sha256:e6cd7fb2956cdb48c1a134b9820265dd87689ffca5cd7af52426d00e0376d5bf"
url = "https://github.com/neondatabase/neonctl/releases/download/v2.27.0/neonctl-linux-x64"

[tools.neonctl."platforms.linux-x64-musl-baseline"]
checksum = "sha256:e6cd7fb2956cdb48c1a134b9820265dd87689ffca5cd7af52426d00e0376d5bf"
url = "https://github.com/neondatabase/neonctl/releases/download/v2.27.0/neonctl-linux-x64"

[tools.neonctl."platforms.macos-arm64"]
checksum = "sha256:63db0af0b9f59313606fdfafc2602fe29c48f73b9fbd59f601a8cfd6a853e61d"
url = "https://github.com/neondatabase/neonctl/releases/download/v2.27.0/neonctl-macos-x64"

[tools.neonctl."platforms.macos-x64"]
checksum = "sha256:63db0af0b9f59313606fdfafc2602fe29c48f73b9fbd59f601a8cfd6a853e61d"
url = "https://github.com/neondatabase/neonctl/releases/download/v2.27.0/neonctl-macos-x64"

[tools.neonctl."platforms.macos-x64-baseline"]
checksum = "sha256:63db0af0b9f59313606fdfafc2602fe29c48f73b9fbd59f601a8cfd6a853e61d"
url = "https://github.com/neondatabase/neonctl/releases/download/v2.27.0/neonctl-macos-x64"

[tools.neonctl."platforms.windows-x64"]
checksum = "sha256:09164ff59ba77722c76827170387e027f2ce323afd71e1d4dd157a9f503d3ad4"
url = "https://github.com/neondatabase/neonctl/releases/download/v2.27.0/neonctl-win-x64.exe"

[tools.neonctl."platforms.windows-x64-baseline"]
checksum = "sha256:09164ff59ba77722c76827170387e027f2ce323afd71e1d4dd157a9f503d3ad4"
url = "https://github.com/neondatabase/neonctl/releases/download/v2.27.0/neonctl-win-x64.exe"

[[tools.wrangler]]
version = "4.104.0"
backend = "npm:wrangler"
